<?xml version="1.0" encoding="UTF-8" standalone="yes"?>
<ruleset id="98" name="NAV Export to Filenett" ver="5" modder="admin.1" qi="" dt="11/03/23 10:54:17.60 ">
	<rule name="Batch Open Rule" id="1" dcomap.open="B" qi="">
		<func name="Function1" disabled="false" qi="">
			<a name="FNP8_SetURL" ns="FileNetP8.dll" disabled="false" qi="">
				<p type="bInter" name="bInter"/>
				<p type="bDebug" name="bDebug"/>
				<p type="strParam" v="@APPVAR(values/gen/FileNetURL)" name="StrParam"/>
			</a>
			<a name="FNP8_Login" ns="FileNetP8.dll" disabled="false" qi="">
				<p type="bInter" name="bInter"/>
				<p type="bDebug" name="bDebug"/>
				<p type="strParam" v="@APPVAR(values/gen/FileNetUserID),@APPVAR(values/adv/FileNetPassword)" name="StrParam"/>
			</a>
			<a name="FNP8_SetLocale" ns="FileNetP8.dll" disabled="false" qi="">
				<p type="bInter" name="bInter"/>
				<p type="bDebug" name="bDebug"/>
				<p type="strParam" v="en_US" name="StrParam"/>
			</a>
			<a name="FNP8_SetTargetClassID" ns="FileNetP8.dll" disabled="false" qi="">
				<p type="bInter" name="bInter"/>
				<p type="bDebug" name="bDebug"/>
				<p type="strParam" v="ObjectStore" name="StrParam"/>
			</a>
			<a ns="FileNetP8" name="FNP8_SetTargetObjectID" qi="">
				<p type="bInter" name="bInter"/>
				<p type="bDebug" name="bDebug"/>
				<p type="strParam" v="HOB" name="StrParam"/>
			</a>
			<a name="FNP8_SetDestinationFolder" ns="FileNetP8.dll" disabled="false" qi="">
				<p type="bInter" name="bInter"/>
				<p type="bDebug" name="bDebug"/>
				<p type="strParam" v="Unfiled Documents" name="StrParam"/>
			</a>
			<a name="FNP8_SetRetry" ns="FileNetP8.dll" disabled="false" qi="">
				<p type="bInter" name="bInter"/>
				<p type="bDebug" name="bDebug"/>
				<p type="strParam" v="2" name="StrParam"/>
			</a>
			<a name="FNP8_SetTimeout" ns="FileNetP8.dll" disabled="false" qi="">
				<p type="bInter" name="bInter"/>
				<p type="bDebug" name="bDebug"/>
				<p type="strParam" v="1800000" name="StrParam"/>
			</a>
		</func>
	</rule>
	<rule name="BOARD MEETINGS DOCS" id="2" dcomap.open="D=BOARD MEETINGS DOCS" qi="">
		<func name="Board meetings rule1" qi="">
			<a ns="FileNetP8" name="FNP8_SetDocTitle" qi="">
				<p type="bInter" name="bInter"/>
				<p type="bDebug" name="bDebug"/>
				<p type="strParam" v="@D.TYPE" name="StrParam"/>
			</a>
			<a ns="FileNetP8" name="FNP8_SetDocClassId" qi="">
				<p type="bInter" name="bInter"/>
				<p type="bDebug" name="bDebug"/>
				<p type="strParam" v="Meetings" name="StrParam"/>
			</a>
			<a name="FNP8_SetFileType" ns="FileNetP8.dll" disabled="False">
				<p type="bInter" name="bInter"/>
				<p type="bDebug" name="bDebug"/>
				<p type="strParam" v="pdf" name="StrParam"/>
			</a>
			<a ns="FileNetP8" name="FNP8_SetPropertyEx" qi="">
				<p type="bInter" name="bInter"/>
				<p type="bDebug" name="bDebug"/>
				<p type="strParam" v="ResolutionNumber,@D.P\RESOLUTION_NUMBER" name="StrParam"/>
			</a>
			<a ns="FileNetP8" name="FNP8_SetPropertyEx" qi="">
				<p type="bInter" name="bInter"/>
				<p type="bDebug" name="bDebug"/>
				<p type="strParam" v="DateofMeeting,@D.P\DATEOFMEETING,DateTime" name="StrParam"/>
			</a>
			<a ns="FileNetP8" name="FNP8_SetPropertyEx" qi="">
				<p type="bInter" name="bInter"/>
				<p type="bDebug" name="bDebug"/>
				<p type="strParam" v="TypeofMeeting,@D.P\TYPEOFMEETING" name="StrParam"/>
			</a>
			<a ns="FileNetP8" name="FNP8_SetPropertyEx" qi="">
				<p type="bInter" name="bInter"/>
				<p type="bDebug" name="bDebug"/>
				<p type="strParam" v="Department,@D.P\DEPARTMENT" name="StrParam"/>
			</a>
			<a ns="FileNetP8" name="FNP8_SetPropertyEx" qi="">
				<p type="bInter" name="bInter"/>
				<p type="bDebug" name="bDebug"/>
				<p type="strParam" v="FileName,@B.FNAME" name="StrParam"/>
			</a>
			<a ns="FileNetP8" name="FNP8_SetPropertyEx">
				<p type="bInter" name="bInter"/>
				<p type="bDebug" name="bDebug"/>
				<p type="strParam" v="Dept_Name,@B.DeptCode" name="StrParam"/>
			</a>
			<a ns="FileNetP8" name="FNP8_SetPropertyEx">
				<p type="bInter" name="bInter"/>
				<p type="bDebug" name="bDebug"/>
				<p type="strParam" v="Dept_Code,@B.DeptName" name="StrParam"/>
			</a>
			<a ns="FileNetP8" name="FNP8_SetPropertyEx">
				<p type="bInter" name="bInter"/>
				<p type="bDebug" name="bDebug"/>
				<p type="strParam" v="Zone_Name,@B.ZoneName" name="StrParam"/>
			</a>
			<a ns="FileNetP8" name="FNP8_SetPropertyEx">
				<p type="bInter" name="bInter"/>
				<p type="bDebug" name="bDebug"/>
				<p type="strParam" v="Zone_Code,@B.ZoneCode" name="StrParam"/>
			</a>
			<a ns="FileNetP8" name="FNP8_SetPropertyEx">
				<p type="bInter" name="bInter"/>
				<p type="bDebug" name="bDebug"/>
				<p type="strParam" v="BranchName,@B.BranchName" name="StrParam"/>
			</a>
			<a ns="FileNetP8" name="FNP8_SetPropertyEx">
				<p type="bInter" name="bInter"/>
				<p type="bDebug" name="bDebug"/>
				<p type="strParam" v="BranchCode,@B.BranchCode" name="StrParam"/>
			</a>
			<a ns="FileNetP8" name="FNP8_SetPropertyEx">
				<p type="bInter" name="bInter"/>
				<p type="bDebug" name="bDebug"/>
				<p type="strParam" v="Creator,@B.ScanOperator" name="StrParam"/>
			</a>
			<a ns="FileNetP8" name="FNP8_SetPropertyEx">
				<p type="bInter" name="bInter"/>
				<p type="bDebug" name="bDebug"/>
				<p type="strParam" v="Owner,@B.ScanOperator" name="StrParam"/>
			</a>
			<a ns="FileNetP8" name="FNP8_SetPropertyEx">
				<p type="bInter" name="bInter"/>
				<p type="bDebug" name="bDebug"/>
				<p type="strParam" v="LastModifier,@B.ScanOperator" name="StrParam"/>
			</a>
			<a name="FNP8_Upload" ns="FileNetP8.dll" disabled="false" qi="">
				<p type="bInter" name="bInter"/>
				<p type="bDebug" name="bDebug"/>
			</a>
		</func>
	</rule>
	<rule name="MEETING NOTICE DOCS" id="3" qi="" dcomap.open="D=MEETING NOTICE DOCS">
		<func name="Meeting notice" qi="">
			<a ns="FileNetP8" name="FNP8_SetDocTitle">
				<p type="bInter" name="bInter"/>
				<p type="bDebug" name="bDebug"/>
				<p type="strParam" v="@D.TYPE" name="StrParam"/>
			</a>
			<a ns="FileNetP8" name="FNP8_SetDocClassId" qi="">
				<p type="bInter" name="bInter"/>
				<p type="bDebug" name="bDebug"/>
				<p type="strParam" v="MeetingNotice" name="StrParam"/>
			</a>
			<a name="FNP8_SetFileType" ns="FileNetP8.dll" disabled="False">
				<p type="bInter" name="bInter"/>
				<p type="bDebug" name="bDebug"/>
				<p type="strParam" v="pdf" name="StrParam"/>
			</a>
			<a ns="FileNetP8" name="FNP8_SetPropertyEx" qi="">
				<p type="bInter" name="bInter"/>
				<p type="bDebug" name="bDebug"/>
				<p type="strParam" v="NAMEOFMEETING,@D.P\NAMEOFMEETING" name="StrParam"/>
			</a>
			<a ns="FileNetP8" name="FNP8_SetPropertyEx">
				<p type="bInter" name="bInter"/>
				<p type="bDebug" name="bDebug"/>
				<p type="strParam" v="DATEOFMEETING,@D.P\DATEOFMEETING,DateTime" name="StrParam"/>
			</a>
			<a ns="FileNetP8" name="FNP8_SetPropertyEx" qi="">
				<p type="bInter" name="bInter"/>
				<p type="bDebug" name="bDebug"/>
				<p type="strParam" v="FileName,@B.FNAME" name="StrParam"/>
			</a>
			<a ns="FileNetP8" name="FNP8_SetPropertyEx">
				<p type="bInter" name="bInter"/>
				<p type="bDebug" name="bDebug"/>
				<p type="strParam" v="Dept_Name,@B.DeptCode" name="StrParam"/>
			</a>
			<a ns="FileNetP8" name="FNP8_SetPropertyEx" qi="">
				<p type="bInter" name="bInter"/>
				<p type="bDebug" name="bDebug"/>
				<p type="strParam" v="Dept_Code,@B.DeptName" name="StrParam"/>
			</a>
			<a ns="FileNetP8" name="FNP8_SetPropertyEx">
				<p type="bInter" name="bInter"/>
				<p type="bDebug" name="bDebug"/>
				<p type="strParam" v="Zone_Name,@B.ZoneName" name="StrParam"/>
			</a>
			<a ns="FileNetP8" name="FNP8_SetPropertyEx">
				<p type="bInter" name="bInter"/>
				<p type="bDebug" name="bDebug"/>
				<p type="strParam" v="Zone_Code,@B.ZoneCode" name="StrParam"/>
			</a>
			<a ns="FileNetP8" name="FNP8_SetPropertyEx" qi="">
				<p type="bInter" name="bInter"/>
				<p type="bDebug" name="bDebug"/>
				<p type="strParam" v="BranchName,@B.BranchName" name="StrParam"/>
			</a>
			<a ns="FileNetP8" name="FNP8_SetPropertyEx">
				<p type="bInter" name="bInter"/>
				<p type="bDebug" name="bDebug"/>
				<p type="strParam" v="BranchCode,@B.BranchCode" name="StrParam"/>
			</a>
			<a ns="FileNetP8" name="FNP8_SetPropertyEx">
				<p type="bInter" name="bInter"/>
				<p type="bDebug" name="bDebug"/>
				<p type="strParam" v="Creator,@B.ScanOperator" name="StrParam"/>
			</a>
			<a ns="FileNetP8" name="FNP8_SetPropertyEx">
				<p type="bInter" name="bInter"/>
				<p type="bDebug" name="bDebug"/>
				<p type="strParam" v="Owner,@B.ScanOperator" name="StrParam"/>
			</a>
			<a ns="FileNetP8" name="FNP8_SetPropertyEx">
				<p type="bInter" name="bInter"/>
				<p type="bDebug" name="bDebug"/>
				<p type="strParam" v="LastModifier,@B.ScanOperator" name="StrParam"/>
			</a>
			<a name="FNP8_Upload" ns="FileNetP8.dll" disabled="false" qi="">
				<p type="bInter" name="bInter"/>
				<p type="bDebug" name="bDebug"/>
			</a>
		</func>
	</rule>
	<rule name="DIRECTOR NOTIFICATION DOCS" id="4" qi="" dcomap.open="D=DIRECTOR NOTIFICATION DOCS">
		<func name="DIRECTOR NOTIFICATION DOCS 'Rule 1" qi="">
			<a ns="FileNetP8" name="FNP8_SetDocTitle">
				<p type="bInter" name="bInter"/>
				<p type="bDebug" name="bDebug"/>
				<p type="strParam" v="@D.TYPE" name="StrParam"/>
			</a>
			<a ns="FileNetP8" name="FNP8_SetDocClassId" qi="">
				<p type="bInter" name="bInter"/>
				<p type="bDebug" name="bDebug"/>
				<p type="strParam" v="RTIRTIAPPEALCIC" name="StrParam"/>
			</a>
			<a name="FNP8_SetFileType" ns="FileNetP8.dll" disabled="False">
				<p type="bInter" name="bInter"/>
				<p type="bDebug" name="bDebug"/>
				<p type="strParam" v="pdf" name="StrParam"/>
			</a>
			<a ns="FileNetP8" name="FNP8_SetPropertyEx">
				<p type="bInter" name="bInter"/>
				<p type="bDebug" name="bDebug"/>
				<p type="strParam" v="Year,@D.P\DIRECTORNAME" name="StrParam"/>
			</a>
			<a ns="FileNetP8" name="FNP8_SetPropertyEx">
				<p type="bInter" name="bInter"/>
				<p type="bDebug" name="bDebug"/>
				<p type="strParam" v="DateOfReceipt,@D.P\DATEOFAPPOINTMENT,DateTime" name="StrParam"/>
			</a>
			<a ns="FileNetP8" name="FNP8_SetPropertyEx" qi="">
				<p type="bInter" name="bInter"/>
				<p type="bDebug" name="bDebug"/>
				<p type="strParam" v="FileName,@B.FNAME" name="StrParam"/>
			</a>
			<a ns="FileNetP8" name="FNP8_SetPropertyEx">
				<p type="bInter" name="bInter"/>
				<p type="bDebug" name="bDebug"/>
				<p type="strParam" v="Dept_Name,@B.DeptCode" name="StrParam"/>
			</a>
			<a ns="FileNetP8" name="FNP8_SetPropertyEx">
				<p type="bInter" name="bInter"/>
				<p type="bDebug" name="bDebug"/>
				<p type="strParam" v="Dept_Code,@B.DeptName" name="StrParam"/>
			</a>
			<a ns="FileNetP8" name="FNP8_SetPropertyEx">
				<p type="bInter" name="bInter"/>
				<p type="bDebug" name="bDebug"/>
				<p type="strParam" v="Zone_Name,@B.ZoneName" name="StrParam"/>
			</a>
			<a ns="FileNetP8" name="FNP8_SetPropertyEx">
				<p type="bInter" name="bInter"/>
				<p type="bDebug" name="bDebug"/>
				<p type="strParam" v="Zone_Code,@B.ZoneCode" name="StrParam"/>
			</a>
			<a ns="FileNetP8" name="FNP8_SetPropertyEx">
				<p type="bInter" name="bInter"/>
				<p type="bDebug" name="bDebug"/>
				<p type="strParam" v="BranchName,@B.BranchName" name="StrParam"/>
			</a>
			<a ns="FileNetP8" name="FNP8_SetPropertyEx">
				<p type="bInter" name="bInter"/>
				<p type="bDebug" name="bDebug"/>
				<p type="strParam" v="BranchCode,@B.BranchCode" name="StrParam"/>
			</a>
			<a ns="FileNetP8" name="FNP8_SetPropertyEx">
				<p type="bInter" name="bInter"/>
				<p type="bDebug" name="bDebug"/>
				<p type="strParam" v="Creator,@B.ScanOperator" name="StrParam"/>
			</a>
			<a ns="FileNetP8" name="FNP8_SetPropertyEx">
				<p type="bInter" name="bInter"/>
				<p type="bDebug" name="bDebug"/>
				<p type="strParam" v="Owner,@B.ScanOperator" name="StrParam"/>
			</a>
			<a ns="FileNetP8" name="FNP8_SetPropertyEx" qi="">
				<p type="bInter" name="bInter"/>
				<p type="bDebug" name="bDebug"/>
				<p type="strParam" v="LastModifier,@B.ScanOperator" name="StrParam"/>
			</a>
			<a name="FNP8_Upload" ns="FileNetP8.dll" disabled="false" qi="">
				<p type="bInter" name="bInter"/>
				<p type="bDebug" name="bDebug"/>
			</a>
		</func>
	</rule>
	<rule name="DIRECTOR FILE DOCS" id="5" qi="" dcomap.open="D=DIRECTOR FILE DOCS">
		<func name="DIRECTOR files" qi="">
			<a ns="FileNetP8" name="FNP8_SetDocTitle">
				<p type="bInter" name="bInter"/>
				<p type="bDebug" name="bDebug"/>
				<p type="strParam" v="@D.TYPE" name="StrParam"/>
			</a>
			<a ns="FileNetP8" name="FNP8_SetDocClassId">
				<p type="bInter" name="bInter"/>
				<p type="bDebug" name="bDebug"/>
				<p type="strParam" v="RTIRTIAPPEALCIC" name="StrParam"/>
			</a>
			<a name="FNP8_SetFileType" ns="FileNetP8.dll" disabled="False">
				<p type="bInter" name="bInter"/>
				<p type="bDebug" name="bDebug"/>
				<p type="strParam" v="pdf" name="StrParam"/>
			</a>
			<a ns="FileNetP8" name="FNP8_SetPropertyEx">
				<p type="bInter" name="bInter"/>
				<p type="bDebug" name="bDebug"/>
				<p type="strParam" v="Year,@D.P\DIRECTORNAME" name="StrParam"/>
			</a>
			<a ns="FileNetP8" name="FNP8_SetPropertyEx" qi="">
				<p type="bInter" name="bInter"/>
				<p type="bDebug" name="bDebug"/>
				<p type="strParam" v="FileName,@B.FNAME" name="StrParam"/>
			</a>
			<a ns="FileNetP8" name="FNP8_SetPropertyEx">
				<p type="bInter" name="bInter"/>
				<p type="bDebug" name="bDebug"/>
				<p type="strParam" v="Dept_Name,@B.DeptCode" name="StrParam"/>
			</a>
			<a ns="FileNetP8" name="FNP8_SetPropertyEx">
				<p type="bInter" name="bInter"/>
				<p type="bDebug" name="bDebug"/>
				<p type="strParam" v="Dept_Code,@B.DeptName" name="StrParam"/>
			</a>
			<a ns="FileNetP8" name="FNP8_SetPropertyEx">
				<p type="bInter" name="bInter"/>
				<p type="bDebug" name="bDebug"/>
				<p type="strParam" v="Zone_Name,@B.ZoneName" name="StrParam"/>
			</a>
			<a ns="FileNetP8" name="FNP8_SetPropertyEx">
				<p type="bInter" name="bInter"/>
				<p type="bDebug" name="bDebug"/>
				<p type="strParam" v="Zone_Code,@B.ZoneCode" name="StrParam"/>
			</a>
			<a ns="FileNetP8" name="FNP8_SetPropertyEx">
				<p type="bInter" name="bInter"/>
				<p type="bDebug" name="bDebug"/>
				<p type="strParam" v="BranchName,@B.BranchName" name="StrParam"/>
			</a>
			<a ns="FileNetP8" name="FNP8_SetPropertyEx">
				<p type="bInter" name="bInter"/>
				<p type="bDebug" name="bDebug"/>
				<p type="strParam" v="BranchCode,@B.BranchCode" name="StrParam"/>
			</a>
			<a ns="FileNetP8" name="FNP8_SetPropertyEx">
				<p type="bInter" name="bInter"/>
				<p type="bDebug" name="bDebug"/>
				<p type="strParam" v="Creator,@B.ScanOperator" name="StrParam"/>
			</a>
			<a ns="FileNetP8" name="FNP8_SetPropertyEx">
				<p type="bInter" name="bInter"/>
				<p type="bDebug" name="bDebug"/>
				<p type="strParam" v="Owner,@B.ScanOperator" name="StrParam"/>
			</a>
			<a ns="FileNetP8" name="FNP8_SetPropertyEx" qi="">
				<p type="bInter" name="bInter"/>
				<p type="bDebug" name="bDebug"/>
				<p type="strParam" v="LastModifier,@B.ScanOperator" name="StrParam"/>
			</a>
			<a name="FNP8_Upload" ns="FileNetP8.dll" disabled="false" qi="">
				<p type="bInter" name="bInter"/>
				<p type="bDebug" name="bDebug"/>
			</a>
		</func>
	</rule>
	<rule name="RAR DOCS" id="6" qi="" dcomap.open="D">
		<func name="RAR" qi="">
			<a ns="FileNetP8" name="FNP8_SetDocTitle">
				<p type="bInter" name="bInter"/>
				<p type="bDebug" name="bDebug"/>
				<p type="strParam" v="@D.TYPE" name="StrParam"/>
			</a>
			<a ns="FileNetP8" name="FNP8_SetDocClassId">
				<p type="bInter" name="bInter"/>
				<p type="bDebug" name="bDebug"/>
				<p type="strParam" v="RTIRTIAPPEALCIC" name="StrParam"/>
			</a>
			<a name="FNP8_SetFileType" ns="FileNetP8.dll" disabled="False">
				<p type="bInter" name="bInter"/>
				<p type="bDebug" name="bDebug"/>
				<p type="strParam" v="pdf" name="StrParam"/>
			</a>
			<a ns="FileNetP8" name="FNP8_SetPropertyEx" qi="">
				<p type="bInter" name="bInter"/>
				<p type="bDebug" name="bDebug"/>
				<p type="strParam" v="Year,@D.P\FINANCIALYEAR" name="StrParam"/>
			</a>
			<a ns="FileNetP8" name="FNP8_SetPropertyEx" qi="">
				<p type="bInter" name="bInter"/>
				<p type="bDebug" name="bDebug"/>
				<p type="strParam" v="FileName,@B.FNAME" name="StrParam"/>
			</a>
			<a ns="FileNetP8" name="FNP8_SetPropertyEx">
				<p type="bInter" name="bInter"/>
				<p type="bDebug" name="bDebug"/>
				<p type="strParam" v="Dept_Name,@B.DeptCode" name="StrParam"/>
			</a>
			<a ns="FileNetP8" name="FNP8_SetPropertyEx">
				<p type="bInter" name="bInter"/>
				<p type="bDebug" name="bDebug"/>
				<p type="strParam" v="Dept_Code,@B.DeptName" name="StrParam"/>
			</a>
			<a ns="FileNetP8" name="FNP8_SetPropertyEx">
				<p type="bInter" name="bInter"/>
				<p type="bDebug" name="bDebug"/>
				<p type="strParam" v="Zone_Name,@B.ZoneName" name="StrParam"/>
			</a>
			<a ns="FileNetP8" name="FNP8_SetPropertyEx">
				<p type="bInter" name="bInter"/>
				<p type="bDebug" name="bDebug"/>
				<p type="strParam" v="Zone_Code,@B.ZoneCode" name="StrParam"/>
			</a>
			<a ns="FileNetP8" name="FNP8_SetPropertyEx">
				<p type="bInter" name="bInter"/>
				<p type="bDebug" name="bDebug"/>
				<p type="strParam" v="BranchName,@B.BranchName" name="StrParam"/>
			</a>
			<a ns="FileNetP8" name="FNP8_SetPropertyEx">
				<p type="bInter" name="bInter"/>
				<p type="bDebug" name="bDebug"/>
				<p type="strParam" v="BranchCode,@B.BranchCode" name="StrParam"/>
			</a>
			<a ns="FileNetP8" name="FNP8_SetPropertyEx">
				<p type="bInter" name="bInter"/>
				<p type="bDebug" name="bDebug"/>
				<p type="strParam" v="Creator,@B.ScanOperator" name="StrParam"/>
			</a>
			<a ns="FileNetP8" name="FNP8_SetPropertyEx">
				<p type="bInter" name="bInter"/>
				<p type="bDebug" name="bDebug"/>
				<p type="strParam" v="Owner,@B.ScanOperator" name="StrParam"/>
			</a>
			<a ns="FileNetP8" name="FNP8_SetPropertyEx" qi="">
				<p type="bInter" name="bInter"/>
				<p type="bDebug" name="bDebug"/>
				<p type="strParam" v="LastModifier,@B.ScanOperator" name="StrParam"/>
			</a>
			<a name="FNP8_Upload" ns="FileNetP8.dll" disabled="false" qi="">
				<p type="bInter" name="bInter"/>
				<p type="bDebug" name="bDebug"/>
			</a>
		</func>
	</rule>
	<rule name="PAYMENT DOCS" id="7" qi="" dcomap.open="D=PAYMENT DOCS">
		<func name="PAYMENT DOCS" qi="">
			<a ns="FileNetP8" name="FNP8_SetDocTitle">
				<p type="bInter" name="bInter"/>
				<p type="bDebug" name="bDebug"/>
				<p type="strParam" v="@D.TYPE" name="StrParam"/>
			</a>
			<a ns="FileNetP8" name="FNP8_SetDocClassId">
				<p type="bInter" name="bInter"/>
				<p type="bDebug" name="bDebug"/>
				<p type="strParam" v="RTIRTIAPPEALCIC" name="StrParam"/>
			</a>
			<a name="FNP8_SetFileType" ns="FileNetP8.dll" disabled="False">
				<p type="bInter" name="bInter"/>
				<p type="bDebug" name="bDebug"/>
				<p type="strParam" v="pdf" name="StrParam"/>
			</a>
			<a ns="FileNetP8" name="FNP8_SetPropertyEx">
				<p type="bInter" name="bInter"/>
				<p type="bDebug" name="bDebug"/>
				<p type="strParam" v="Year,@D.P\PAYMENTTYPE" name="StrParam"/>
			</a>
			<a ns="FileNetP8" name="FNP8_SetPropertyEx" qi="">
				<p type="bInter" name="bInter"/>
				<p type="bDebug" name="bDebug"/>
				<p type="strParam" v="MeetingDate,@D.P\PAYMENTDATE,DateTime" name="StrParam"/>
			</a>
			<a ns="FileNetP8" name="FNP8_SetPropertyEx" qi="">
				<p type="bInter" name="bInter"/>
				<p type="bDebug" name="bDebug"/>
				<p type="strParam" v="FileName,@B.FNAME" name="StrParam"/>
			</a>
			<a ns="FileNetP8" name="FNP8_SetPropertyEx">
				<p type="bInter" name="bInter"/>
				<p type="bDebug" name="bDebug"/>
				<p type="strParam" v="Dept_Name,@B.DeptCode" name="StrParam"/>
			</a>
			<a ns="FileNetP8" name="FNP8_SetPropertyEx">
				<p type="bInter" name="bInter"/>
				<p type="bDebug" name="bDebug"/>
				<p type="strParam" v="Dept_Code,@B.DeptName" name="StrParam"/>
			</a>
			<a ns="FileNetP8" name="FNP8_SetPropertyEx">
				<p type="bInter" name="bInter"/>
				<p type="bDebug" name="bDebug"/>
				<p type="strParam" v="Zone_Name,@B.ZoneName" name="StrParam"/>
			</a>
			<a ns="FileNetP8" name="FNP8_SetPropertyEx">
				<p type="bInter" name="bInter"/>
				<p type="bDebug" name="bDebug"/>
				<p type="strParam" v="Zone_Code,@B.ZoneCode" name="StrParam"/>
			</a>
			<a ns="FileNetP8" name="FNP8_SetPropertyEx">
				<p type="bInter" name="bInter"/>
				<p type="bDebug" name="bDebug"/>
				<p type="strParam" v="BranchName,@B.BranchName" name="StrParam"/>
			</a>
			<a ns="FileNetP8" name="FNP8_SetPropertyEx">
				<p type="bInter" name="bInter"/>
				<p type="bDebug" name="bDebug"/>
				<p type="strParam" v="BranchCode,@B.BranchCode" name="StrParam"/>
			</a>
			<a ns="FileNetP8" name="FNP8_SetPropertyEx">
				<p type="bInter" name="bInter"/>
				<p type="bDebug" name="bDebug"/>
				<p type="strParam" v="Creator,@B.ScanOperator" name="StrParam"/>
			</a>
			<a ns="FileNetP8" name="FNP8_SetPropertyEx">
				<p type="bInter" name="bInter"/>
				<p type="bDebug" name="bDebug"/>
				<p type="strParam" v="Owner,@B.ScanOperator" name="StrParam"/>
			</a>
			<a ns="FileNetP8" name="FNP8_SetPropertyEx" qi="">
				<p type="bInter" name="bInter"/>
				<p type="bDebug" name="bDebug"/>
				<p type="strParam" v="LastModifier,@B.ScanOperator" name="StrParam"/>
			</a>
			<a name="FNP8_Upload" ns="FileNetP8.dll" disabled="false" qi="">
				<p type="bInter" name="bInter"/>
				<p type="bDebug" name="bDebug"/>
			</a>
		</func>
	</rule>
	<rule name="CONSTITUTION OF COMMITEES DOCS" id="8" qi="" dcomap.open="D=CONSTITUTION OF COMMITEES DOCS">
		<func name="Constitutions of commitees" qi="">
			<a ns="FileNetP8" name="FNP8_SetDocTitle">
				<p type="bInter" name="bInter"/>
				<p type="bDebug" name="bDebug"/>
				<p type="strParam" v="@D.TYPE" name="StrParam"/>
			</a>
			<a ns="FileNetP8" name="FNP8_SetDocClassId">
				<p type="bInter" name="bInter"/>
				<p type="bDebug" name="bDebug"/>
				<p type="strParam" v="RTIRTIAPPEALCIC" name="StrParam"/>
			</a>
			<a name="FNP8_SetFileType" ns="FileNetP8.dll" disabled="False">
				<p type="bInter" name="bInter"/>
				<p type="bDebug" name="bDebug"/>
				<p type="strParam" v="pdf" name="StrParam"/>
			</a>
			<a ns="FileNetP8" name="FNP8_SetPropertyEx">
				<p type="bInter" name="bInter"/>
				<p type="bDebug" name="bDebug"/>
				<p type="strParam" v="Year,@D.P\NAMEOFCOMMITEE" name="StrParam"/>
			</a>
			<a ns="FileNetP8" name="FNP8_SetPropertyEx" qi="">
				<p type="bInter" name="bInter"/>
				<p type="bDebug" name="bDebug"/>
				<p type="strParam" v="MeetingDate,@D.P\DATERECONSTITUTION,DateTime" name="StrParam"/>
			</a>
			<a ns="FileNetP8" name="FNP8_SetPropertyEx" qi="">
				<p type="bInter" name="bInter"/>
				<p type="bDebug" name="bDebug"/>
				<p type="strParam" v="FileName,@B.FNAME" name="StrParam"/>
			</a>
			<a ns="FileNetP8" name="FNP8_SetPropertyEx">
				<p type="bInter" name="bInter"/>
				<p type="bDebug" name="bDebug"/>
				<p type="strParam" v="Dept_Name,@B.DeptCode" name="StrParam"/>
			</a>
			<a ns="FileNetP8" name="FNP8_SetPropertyEx">
				<p type="bInter" name="bInter"/>
				<p type="bDebug" name="bDebug"/>
				<p type="strParam" v="Dept_Code,@B.DeptName" name="StrParam"/>
			</a>
			<a ns="FileNetP8" name="FNP8_SetPropertyEx">
				<p type="bInter" name="bInter"/>
				<p type="bDebug" name="bDebug"/>
				<p type="strParam" v="Zone_Name,@B.ZoneName" name="StrParam"/>
			</a>
			<a ns="FileNetP8" name="FNP8_SetPropertyEx">
				<p type="bInter" name="bInter"/>
				<p type="bDebug" name="bDebug"/>
				<p type="strParam" v="Zone_Code,@B.ZoneCode" name="StrParam"/>
			</a>
			<a ns="FileNetP8" name="FNP8_SetPropertyEx">
				<p type="bInter" name="bInter"/>
				<p type="bDebug" name="bDebug"/>
				<p type="strParam" v="BranchName,@B.BranchName" name="StrParam"/>
			</a>
			<a ns="FileNetP8" name="FNP8_SetPropertyEx">
				<p type="bInter" name="bInter"/>
				<p type="bDebug" name="bDebug"/>
				<p type="strParam" v="BranchCode,@B.BranchCode" name="StrParam"/>
			</a>
			<a ns="FileNetP8" name="FNP8_SetPropertyEx">
				<p type="bInter" name="bInter"/>
				<p type="bDebug" name="bDebug"/>
				<p type="strParam" v="Creator,@B.ScanOperator" name="StrParam"/>
			</a>
			<a ns="FileNetP8" name="FNP8_SetPropertyEx">
				<p type="bInter" name="bInter"/>
				<p type="bDebug" name="bDebug"/>
				<p type="strParam" v="Owner,@B.ScanOperator" name="StrParam"/>
			</a>
			<a ns="FileNetP8" name="FNP8_SetPropertyEx" qi="">
				<p type="bInter" name="bInter"/>
				<p type="bDebug" name="bDebug"/>
				<p type="strParam" v="LastModifier,@B.ScanOperator" name="StrParam"/>
			</a>
			<a name="FNP8_Upload" ns="FileNetP8.dll" disabled="false" qi="">
				<p type="bInter" name="bInter"/>
				<p type="bDebug" name="bDebug"/>
			</a>
		</func>
	</rule>
	<rule name="OFFICE-NOTE" id="9" qi="" dcomap.open="D=OFFICE NOTES DOCS">
		<func name="Office notes Rule 1" qi="">
			<a ns="FileNetP8" name="FNP8_SetDocTitle">
				<p type="bInter" name="bInter"/>
				<p type="bDebug" name="bDebug"/>
				<p type="strParam" v="@D.TYPE" name="StrParam"/>
			</a>
			<a ns="FileNetP8" name="FNP8_SetDocClassId">
				<p type="bInter" name="bInter"/>
				<p type="bDebug" name="bDebug"/>
				<p type="strParam" v="NotesOfficeNote" name="StrParam"/>
			</a>
			<a name="FNP8_SetFileType" ns="FileNetP8.dll" disabled="False">
				<p type="bInter" name="bInter"/>
				<p type="bDebug" name="bDebug"/>
				<p type="strParam" v="pdf" name="StrParam"/>
			</a>
			<a ns="FileNetP8" name="FNP8_SetPropertyEx">
				<p type="bInter" name="bInter"/>
				<p type="bDebug" name="bDebug"/>
				<p type="strParam" v="NoteDate,@D.P\DATE,DateTime" name="StrParam"/>
			</a>
			<a ns="FileNetP8" name="FNP8_SetPropertyEx">
				<p type="bInter" name="bInter"/>
				<p type="bDebug" name="bDebug"/>
				<p type="strParam" v="ReferenceNumber,@D.P\MONTH" name="StrParam"/>
			</a>
			<a ns="FileNetP8" name="FNP8_SetPropertyEx">
				<p type="bInter" name="bInter"/>
				<p type="bDebug" name="bDebug"/>
				<p type="strParam" v="SrNo,@D.P\NOTESUBJECT" name="StrParam"/>
			</a>
			<a ns="FileNetP8" name="FNP8_SetPropertyEx">
				<p type="bInter" name="bInter"/>
				<p type="bDebug" name="bDebug"/>
				<p type="strParam" v="AgendaItems,@D.P\YEAR" name="StrParam"/>
			</a>
			<a ns="FileNetP8" name="FNP8_SetPropertyEx" qi="">
				<p type="bInter" name="bInter"/>
				<p type="bDebug" name="bDebug"/>
				<p type="strParam" v="FileName,@B.FNAME" name="StrParam"/>
			</a>
			<a ns="FileNetP8" name="FNP8_SetPropertyEx">
				<p type="bInter" name="bInter"/>
				<p type="bDebug" name="bDebug"/>
				<p type="strParam" v="Dept_Name,@B.DeptCode" name="StrParam"/>
			</a>
			<a ns="FileNetP8" name="FNP8_SetPropertyEx">
				<p type="bInter" name="bInter"/>
				<p type="bDebug" name="bDebug"/>
				<p type="strParam" v="Dept_Code,@B.DeptName" name="StrParam"/>
			</a>
			<a ns="FileNetP8" name="FNP8_SetPropertyEx">
				<p type="bInter" name="bInter"/>
				<p type="bDebug" name="bDebug"/>
				<p type="strParam" v="Zone_Name,@B.ZoneName" name="StrParam"/>
			</a>
			<a ns="FileNetP8" name="FNP8_SetPropertyEx">
				<p type="bInter" name="bInter"/>
				<p type="bDebug" name="bDebug"/>
				<p type="strParam" v="Zone_Code,@B.ZoneCode" name="StrParam"/>
			</a>
			<a ns="FileNetP8" name="FNP8_SetPropertyEx">
				<p type="bInter" name="bInter"/>
				<p type="bDebug" name="bDebug"/>
				<p type="strParam" v="BranchName,@B.BranchName" name="StrParam"/>
			</a>
			<a ns="FileNetP8" name="FNP8_SetPropertyEx">
				<p type="bInter" name="bInter"/>
				<p type="bDebug" name="bDebug"/>
				<p type="strParam" v="BranchCode,@B.BranchCode" name="StrParam"/>
			</a>
			<a ns="FileNetP8" name="FNP8_SetPropertyEx">
				<p type="bInter" name="bInter"/>
				<p type="bDebug" name="bDebug"/>
				<p type="strParam" v="Creator,@B.ScanOperator" name="StrParam"/>
			</a>
			<a ns="FileNetP8" name="FNP8_SetPropertyEx">
				<p type="bInter" name="bInter"/>
				<p type="bDebug" name="bDebug"/>
				<p type="strParam" v="Owner,@B.ScanOperator" name="StrParam"/>
			</a>
			<a ns="FileNetP8" name="FNP8_SetPropertyEx">
				<p type="bInter" name="bInter"/>
				<p type="bDebug" name="bDebug"/>
				<p type="strParam" v="LastModifier,@B.ScanOperator" name="StrParam"/>
			</a>
			<a name="FNP8_Upload" ns="FileNetP8.dll" disabled="false" qi="">
				<p type="bInter" name="bInter"/>
				<p type="bDebug" name="bDebug"/>
			</a>
		</func>
	</rule>
	<rule name="DEPRICIATION FILES DPCS" id="10" qi="" dcomap.open="D=DEPRICIATION FILES DPCS">
		<func name="DEPRICIATION FILES" qi="">
			<a ns="FileNetP8" name="FNP8_SetDocTitle">
				<p type="bInter" name="bInter"/>
				<p type="bDebug" name="bDebug"/>
				<p type="strParam" v="@D.TYPE" name="StrParam"/>
			</a>
			<a ns="FileNetP8" name="FNP8_SetDocClassId">
				<p type="bInter" name="bInter"/>
				<p type="bDebug" name="bDebug"/>
				<p type="strParam" v="RTIRTIAPPEALCIC" name="StrParam"/>
			</a>
			<a name="FNP8_SetFileType" ns="FileNetP8.dll" disabled="False">
				<p type="bInter" name="bInter"/>
				<p type="bDebug" name="bDebug"/>
				<p type="strParam" v="pdf" name="StrParam"/>
			</a>
			<a ns="FileNetP8" name="FNP8_SetPropertyEx" qi="">
				<p type="bInter" name="bInter"/>
				<p type="bDebug" name="bDebug"/>
				<p type="strParam" v="Year,@D.P\FY" name="StrParam"/>
			</a>
			<a ns="FileNetP8" name="FNP8_SetPropertyEx" qi="">
				<p type="bInter" name="bInter"/>
				<p type="bDebug" name="bDebug"/>
				<p type="strParam" v="FileName,@B.FNAME" name="StrParam"/>
			</a>
			<a ns="FileNetP8" name="FNP8_SetPropertyEx">
				<p type="bInter" name="bInter"/>
				<p type="bDebug" name="bDebug"/>
				<p type="strParam" v="Dept_Name,@B.DeptCode" name="StrParam"/>
			</a>
			<a ns="FileNetP8" name="FNP8_SetPropertyEx">
				<p type="bInter" name="bInter"/>
				<p type="bDebug" name="bDebug"/>
				<p type="strParam" v="Dept_Code,@B.DeptName" name="StrParam"/>
			</a>
			<a ns="FileNetP8" name="FNP8_SetPropertyEx">
				<p type="bInter" name="bInter"/>
				<p type="bDebug" name="bDebug"/>
				<p type="strParam" v="Zone_Name,@B.ZoneName" name="StrParam"/>
			</a>
			<a ns="FileNetP8" name="FNP8_SetPropertyEx">
				<p type="bInter" name="bInter"/>
				<p type="bDebug" name="bDebug"/>
				<p type="strParam" v="Zone_Code,@B.ZoneCode" name="StrParam"/>
			</a>
			<a ns="FileNetP8" name="FNP8_SetPropertyEx">
				<p type="bInter" name="bInter"/>
				<p type="bDebug" name="bDebug"/>
				<p type="strParam" v="BranchName,@B.BranchName" name="StrParam"/>
			</a>
			<a ns="FileNetP8" name="FNP8_SetPropertyEx">
				<p type="bInter" name="bInter"/>
				<p type="bDebug" name="bDebug"/>
				<p type="strParam" v="BranchCode,@B.BranchCode" name="StrParam"/>
			</a>
			<a ns="FileNetP8" name="FNP8_SetPropertyEx">
				<p type="bInter" name="bInter"/>
				<p type="bDebug" name="bDebug"/>
				<p type="strParam" v="Creator,@B.ScanOperator" name="StrParam"/>
			</a>
			<a ns="FileNetP8" name="FNP8_SetPropertyEx">
				<p type="bInter" name="bInter"/>
				<p type="bDebug" name="bDebug"/>
				<p type="strParam" v="Owner,@B.ScanOperator" name="StrParam"/>
			</a>
			<a ns="FileNetP8" name="FNP8_SetPropertyEx" qi="">
				<p type="bInter" name="bInter"/>
				<p type="bDebug" name="bDebug"/>
				<p type="strParam" v="LastModifier,@B.ScanOperator" name="StrParam"/>
			</a>
			<a name="FNP8_Upload" ns="FileNetP8.dll" disabled="false" qi="">
				<p type="bInter" name="bInter"/>
				<p type="bDebug" name="bDebug"/>
			</a>
		</func>
	</rule>
	<rule name="RFP DOCUMENTS" id="11" qi="" dcomap.open="D=RFP DOCUMENTS DOC">
		<func name="RFP Rule 1" qi="">
			<a ns="FileNetP8" name="FNP8_SetDocTitle">
				<p type="bInter" name="bInter"/>
				<p type="bDebug" name="bDebug"/>
				<p type="strParam" v="@D.TYPE" name="StrParam"/>
			</a>
			<a ns="FileNetP8" name="FNP8_SetDocClassId" qi="">
				<p type="bInter"/>
				<p type="bDebug"/>
				<p type="strParam" v="RFPDocuments"/>
			</a>
			<a name="FNP8_SetFileType" ns="FileNetP8.dll" disabled="False">
				<p type="bInter" name="bInter"/>
				<p type="bDebug" name="bDebug"/>
				<p type="strParam" v="pdf" name="StrParam"/>
			</a>
			<a ns="FileNetP8" name="FNP8_SetPropertyEx">
				<p type="bInter"/>
				<p type="bDebug"/>
				<p type="strParam" v="TenderNo,@D.P\TENDERNO"/>
			</a>
			<a ns="FileNetP8" name="FNP8_SetPropertyEx">
				<p type="bInter" name="bInter"/>
				<p type="bDebug" name="bDebug"/>
				<p type="strParam" v="Date,@D.P\DATE,DateTime" name="StrParam"/>
			</a>
			<a ns="FileNetP8" name="FNP8_SetPropertyEx">
				<p type="bInter"/>
				<p type="bDebug"/>
				<p type="strParam" v="HODepartmentCode,@D.P\HODPTCODE"/>
			</a>
			<a ns="FileNetP8" name="FNP8_SetPropertyEx">
				<p type="bInter"/>
				<p type="bDebug"/>
				<p type="strParam" v="InprincipalNoteforFloatingofRFP,@D.P\INPRINCIPAL"/>
			</a>
			<a ns="FileNetP8" name="FNP8_SetPropertyEx">
				<p type="bInter" name="bInter"/>
				<p type="bDebug" name="bDebug"/>
				<p type="strParam" v="NoteForFloatingRFP,@D.P\NOTEFORRFP" name="StrParam"/>
			</a>
			<a ns="FileNetP8" name="FNP8_SetPropertyEx">
				<p type="bInter"/>
				<p type="bDebug"/>
				<p type="strParam" v="PrebidQueriesResponsefrombidder,@D.P\PREBIDQUERIES"/>
			</a>
			<a ns="FileNetP8" name="FNP8_SetPropertyEx">
				<p type="bInter"/>
				<p type="bDebug"/>
				<p type="strParam" v="BidDocuments,@D.P\BIDDOC"/>
			</a>
			<a ns="FileNetP8" name="FNP8_SetPropertyEx">
				<p type="bInter"/>
				<p type="bDebug"/>
				<p type="strParam" v="NoteForTechnicalEvaluation,@D.P\NOTEFORTECHNICAL"/>
			</a>
			<a ns="FileNetP8" name="FNP8_SetPropertyEx">
				<p type="bInter"/>
				<p type="bDebug"/>
				<p type="strParam" v="NoteForCommercialEvaluation,@D.P\NOTEFORCOMM"/>
			</a>
			<a ns="FileNetP8" name="FNP8_SetPropertyEx">
				<p type="bInter"/>
				<p type="bDebug"/>
				<p type="strParam" v="NoteForReverseAuction,@D.P\REVERSEACTION"/>
			</a>
			<a ns="FileNetP8" name="FNP8_SetPropertyEx">
				<p type="bInter"/>
				<p type="bDebug"/>
				<p type="strParam" v="NoteForDeclaringL1Bidder,@D.P\L1BIDDER"/>
			</a>
			<a ns="FileNetP8" name="FNP8_SetPropertyEx">
				<p type="bInter"/>
				<p type="bDebug"/>
				<p type="strParam" v="FinancialApprovalForFinalTCO,@D.P\APPFORFINALTCO"/>
			</a>
			<a ns="FileNetP8" name="FNP8_SetPropertyEx" qi="">
				<p type="bInter"/>
				<p type="bDebug"/>
				<p type="strParam" v="FinancialApprovalForFinalTCO,@D.P\MISC"/>
			</a>
			<a ns="FileNetP8" name="FNP8_SetPropertyEx" qi="">
				<p type="bInter" name="bInter"/>
				<p type="bDebug" name="bDebug"/>
				<p type="strParam" v="FileName,@B.FNAME" name="StrParam"/>
			</a>
			<a ns="FileNetP8" name="FNP8_SetPropertyEx">
				<p type="bInter" name="bInter"/>
				<p type="bDebug" name="bDebug"/>
				<p type="strParam" v="Dept_Name,@B.DeptCode" name="StrParam"/>
			</a>
			<a ns="FileNetP8" name="FNP8_SetPropertyEx">
				<p type="bInter" name="bInter"/>
				<p type="bDebug" name="bDebug"/>
				<p type="strParam" v="Dept_Code,@B.DeptName" name="StrParam"/>
			</a>
			<a ns="FileNetP8" name="FNP8_SetPropertyEx">
				<p type="bInter" name="bInter"/>
				<p type="bDebug" name="bDebug"/>
				<p type="strParam" v="Zone_Name,@B.ZoneName" name="StrParam"/>
			</a>
			<a ns="FileNetP8" name="FNP8_SetPropertyEx">
				<p type="bInter" name="bInter"/>
				<p type="bDebug" name="bDebug"/>
				<p type="strParam" v="Zone_Code,@B.ZoneCode" name="StrParam"/>
			</a>
			<a ns="FileNetP8" name="FNP8_SetPropertyEx">
				<p type="bInter" name="bInter"/>
				<p type="bDebug" name="bDebug"/>
				<p type="strParam" v="BranchName,@B.BranchName" name="StrParam"/>
			</a>
			<a ns="FileNetP8" name="FNP8_SetPropertyEx">
				<p type="bInter" name="bInter"/>
				<p type="bDebug" name="bDebug"/>
				<p type="strParam" v="BranchCode,@B.BranchCode" name="StrParam"/>
			</a>
			<a ns="FileNetP8" name="FNP8_SetPropertyEx">
				<p type="bInter" name="bInter"/>
				<p type="bDebug" name="bDebug"/>
				<p type="strParam" v="Creator,@B.ScanOperator" name="StrParam"/>
			</a>
			<a ns="FileNetP8" name="FNP8_SetPropertyEx">
				<p type="bInter" name="bInter"/>
				<p type="bDebug" name="bDebug"/>
				<p type="strParam" v="Owner,@B.ScanOperator" name="StrParam"/>
			</a>
			<a ns="FileNetP8" name="FNP8_SetPropertyEx" qi="">
				<p type="bInter" name="bInter"/>
				<p type="bDebug" name="bDebug"/>
				<p type="strParam" v="LastModifier,@B.ScanOperator" name="StrParam"/>
			</a>
			<a name="FNP8_Upload" ns="FileNetP8.dll" disabled="false" qi="">
				<p type="bInter" name="bInter"/>
				<p type="bDebug" name="bDebug"/>
			</a>
		</func>
	</rule>
	<rule name="ADDENDUM" id="12" qi="" dcomap.open="D=ADDENDUM DOC">
		<func name="RFP Rule 1" qi="">
			<a ns="FileNetP8" name="FNP8_SetDocTitle">
				<p type="bInter" name="bInter"/>
				<p type="bDebug" name="bDebug"/>
				<p type="strParam" v="@D.TYPE" name="StrParam"/>
			</a>
			<a ns="FileNetP8" name="FNP8_SetDocClassId" qi="">
				<p type="bInter"/>
				<p type="bDebug"/>
				<p type="strParam" v="Addendum"/>
			</a>
			<a name="FNP8_SetFileType" ns="FileNetP8.dll" disabled="False">
				<p type="bInter" name="bInter"/>
				<p type="bDebug" name="bDebug"/>
				<p type="strParam" v="pdf" name="StrParam"/>
			</a>
			<a ns="FileNetP8" name="FNP8_SetPropertyEx">
				<p type="bInter"/>
				<p type="bDebug"/>
				<p type="strParam" v="TenderNo,@D.P\TENDERNO"/>
			</a>
			<a ns="FileNetP8" name="FNP8_SetPropertyEx">
				<p type="bInter" name="bInter"/>
				<p type="bDebug" name="bDebug"/>
				<p type="strParam" v="Date,@D.P\DATE,DateTime" name="StrParam"/>
			</a>
			<a ns="FileNetP8" name="FNP8_SetPropertyEx">
				<p type="bInter"/>
				<p type="bDebug"/>
				<p type="strParam" v="HODepartmentCode,@D.P\HODPTCODE"/>
			</a>
			<a ns="FileNetP8" name="FNP8_SetPropertyEx">
				<p type="bInter"/>
				<p type="bDebug"/>
				<p type="strParam" v="NotesforFloatingAddendum,@D.P\NOTESFORADD"/>
			</a>
			<a ns="FileNetP8" name="FNP8_SetPropertyEx">
				<p type="bInter"/>
				<p type="bDebug"/>
				<p type="strParam" v="AddendumNo,@D.P\ADDNO"/>
			</a>
			<a ns="FileNetP8" name="FNP8_SetPropertyEx" qi="">
				<p type="bInter"/>
				<p type="bDebug"/>
				<p type="strParam" v="AddendumDated,@D.P\ADDDATED,DateTime"/>
			</a>
			<a ns="FileNetP8" name="FNP8_SetPropertyEx" qi="">
				<p type="bInter"/>
				<p type="bDebug"/>
				<p type="strParam" v="AddendumSubject,@D.P\ADDSUBJECT"/>
			</a>
			<a ns="FileNetP8" name="FNP8_SetPropertyEx" qi="">
				<p type="bInter"/>
				<p type="bDebug"/>
				<p type="strParam" v="Addendumrelatedqueriesresponse,@D.P\RELATEDQURIES"/>
			</a>
			<a ns="FileNetP8" name="FNP8_SetPropertyEx" qi="">
				<p type="bInter" name="bInter"/>
				<p type="bDebug" name="bDebug"/>
				<p type="strParam" v="FileName,@B.FNAME" name="StrParam"/>
			</a>
			<a ns="FileNetP8" name="FNP8_SetPropertyEx">
				<p type="bInter" name="bInter"/>
				<p type="bDebug" name="bDebug"/>
				<p type="strParam" v="Dept_Name,@B.DeptCode" name="StrParam"/>
			</a>
			<a ns="FileNetP8" name="FNP8_SetPropertyEx">
				<p type="bInter" name="bInter"/>
				<p type="bDebug" name="bDebug"/>
				<p type="strParam" v="Dept_Code,@B.DeptName" name="StrParam"/>
			</a>
			<a ns="FileNetP8" name="FNP8_SetPropertyEx">
				<p type="bInter" name="bInter"/>
				<p type="bDebug" name="bDebug"/>
				<p type="strParam" v="Zone_Name,@B.ZoneName" name="StrParam"/>
			</a>
			<a ns="FileNetP8" name="FNP8_SetPropertyEx">
				<p type="bInter" name="bInter"/>
				<p type="bDebug" name="bDebug"/>
				<p type="strParam" v="Zone_Code,@B.ZoneCode" name="StrParam"/>
			</a>
			<a ns="FileNetP8" name="FNP8_SetPropertyEx" qi="">
				<p type="bInter" name="bInter"/>
				<p type="bDebug" name="bDebug"/>
				<p type="strParam" v="BranchName,@B.BranchName" name="StrParam"/>
			</a>
			<a ns="FileNetP8" name="FNP8_SetPropertyEx">
				<p type="bInter" name="bInter"/>
				<p type="bDebug" name="bDebug"/>
				<p type="strParam" v="BranchCode,@B.BranchCode" name="StrParam"/>
			</a>
			<a ns="FileNetP8" name="FNP8_SetPropertyEx">
				<p type="bInter" name="bInter"/>
				<p type="bDebug" name="bDebug"/>
				<p type="strParam" v="Creator,@B.ScanOperator" name="StrParam"/>
			</a>
			<a ns="FileNetP8" name="FNP8_SetPropertyEx">
				<p type="bInter" name="bInter"/>
				<p type="bDebug" name="bDebug"/>
				<p type="strParam" v="Owner,@B.ScanOperator" name="StrParam"/>
			</a>
			<a ns="FileNetP8" name="FNP8_SetPropertyEx" qi="">
				<p type="bInter" name="bInter"/>
				<p type="bDebug" name="bDebug"/>
				<p type="strParam" v="LastModifier,@B.ScanOperator" name="StrParam"/>
			</a>
			<a name="FNP8_Upload" ns="FileNetP8.dll" disabled="false" qi="">
				<p type="bInter" name="bInter"/>
				<p type="bDebug" name="bDebug"/>
			</a>
		</func>
	</rule>
	<rule name="ANNEXURE" id="13" qi="" dcomap.open="D=ANNEXURE DOC">
		<func name="RFP Rule 1" qi="">
			<a ns="FileNetP8" name="FNP8_SetDocTitle">
				<p type="bInter" name="bInter"/>
				<p type="bDebug" name="bDebug"/>
				<p type="strParam" v="@D.TYPE" name="StrParam"/>
			</a>
			<a ns="FileNetP8" name="FNP8_SetDocClassId">
				<p type="bInter"/>
				<p type="bDebug"/>
				<p type="strParam" v="Annexures"/>
			</a>
			<a name="FNP8_SetFileType" ns="FileNetP8.dll" disabled="False">
				<p type="bInter" name="bInter"/>
				<p type="bDebug" name="bDebug"/>
				<p type="strParam" v="pdf" name="StrParam"/>
			</a>
			<a ns="FileNetP8" name="FNP8_SetPropertyEx">
				<p type="bInter"/>
				<p type="bDebug"/>
				<p type="strParam" v="TenderNo,@D.P\TENDERNO"/>
			</a>
			<a ns="FileNetP8" name="FNP8_SetPropertyEx">
				<p type="bInter" name="bInter"/>
				<p type="bDebug" name="bDebug"/>
				<p type="strParam" v="Date,@D.P\DATE,DateTime" name="StrParam"/>
			</a>
			<a ns="FileNetP8" name="FNP8_SetPropertyEx">
				<p type="bInter"/>
				<p type="bDebug"/>
				<p type="strParam" v="HODepartmentCode,@D.P\HODPTCODE"/>
			</a>
			<a ns="FileNetP8" name="FNP8_SetPropertyEx" qi="">
				<p type="bInter" name="bInter"/>
				<p type="bDebug" name="bDebug"/>
				<p type="strParam" v="FileName,@B.FNAME" name="StrParam"/>
			</a>
			<a ns="FileNetP8" name="FNP8_SetPropertyEx">
				<p type="bInter" name="bInter"/>
				<p type="bDebug" name="bDebug"/>
				<p type="strParam" v="Dept_Name,@B.DeptCode" name="StrParam"/>
			</a>
			<a ns="FileNetP8" name="FNP8_SetPropertyEx">
				<p type="bInter" name="bInter"/>
				<p type="bDebug" name="bDebug"/>
				<p type="strParam" v="Dept_Code,@B.DeptName" name="StrParam"/>
			</a>
			<a ns="FileNetP8" name="FNP8_SetPropertyEx">
				<p type="bInter" name="bInter"/>
				<p type="bDebug" name="bDebug"/>
				<p type="strParam" v="Zone_Name,@B.ZoneName" name="StrParam"/>
			</a>
			<a ns="FileNetP8" name="FNP8_SetPropertyEx">
				<p type="bInter" name="bInter"/>
				<p type="bDebug" name="bDebug"/>
				<p type="strParam" v="Zone_Code,@B.ZoneCode" name="StrParam"/>
			</a>
			<a ns="FileNetP8" name="FNP8_SetPropertyEx" qi="">
				<p type="bInter" name="bInter"/>
				<p type="bDebug" name="bDebug"/>
				<p type="strParam" v="BranchName,@B.BranchName" name="StrParam"/>
			</a>
			<a ns="FileNetP8" name="FNP8_SetPropertyEx">
				<p type="bInter" name="bInter"/>
				<p type="bDebug" name="bDebug"/>
				<p type="strParam" v="BranchCode,@B.BranchCode" name="StrParam"/>
			</a>
			<a ns="FileNetP8" name="FNP8_SetPropertyEx">
				<p type="bInter" name="bInter"/>
				<p type="bDebug" name="bDebug"/>
				<p type="strParam" v="Creator,@B.ScanOperator" name="StrParam"/>
			</a>
			<a ns="FileNetP8" name="FNP8_SetPropertyEx">
				<p type="bInter" name="bInter"/>
				<p type="bDebug" name="bDebug"/>
				<p type="strParam" v="Owner,@B.ScanOperator" name="StrParam"/>
			</a>
			<a ns="FileNetP8" name="FNP8_SetPropertyEx" qi="">
				<p type="bInter" name="bInter"/>
				<p type="bDebug" name="bDebug"/>
				<p type="strParam" v="LastModifier,@B.ScanOperator" name="StrParam"/>
			</a>
			<a name="FNP8_Upload" ns="FileNetP8.dll" disabled="false" qi="">
				<p type="bInter" name="bInter"/>
				<p type="bDebug" name="bDebug"/>
			</a>
		</func>
		<func name="Function1">
			<a ns="FileNetP8" name="FNP8_SetMultiValueProperty">
				<p type="bInter"/>
				<p type="bDebug"/>
				<p type="strParam" v="AnnexuresNo,@D.P\ANNO"/>
			</a>
		</func>
		<func name="Copy ofFunction1">
			<a ns="FileNetP8" name="FNP8_SetMultiValueProperty">
				<p type="bInter"/>
				<p type="bDebug"/>
				<p type="strParam" v="AnnexuresSubject,@D.P\ANSUBJECT"/>
			</a>
		</func>
		<func name="Function2">
			<a name="FNP8_Upload" ns="FileNetP8.dll" disabled="false" qi="">
				<p type="bInter" name="bInter"/>
				<p type="bDebug" name="bDebug"/>
			</a>
		</func>
	</rule>
	<rule name="SUPPORTING-DOCUMENTS" id="14" qi="" dcomap.open="D=SUPPORTING DOCUMENTS DOCS">
		<func name="RFP Rule 1" qi="">
			<a ns="FileNetP8" name="FNP8_SetDocTitle">
				<p type="bInter" name="bInter"/>
				<p type="bDebug" name="bDebug"/>
				<p type="strParam" v="@D.TYPE" name="StrParam"/>
			</a>
			<a ns="FileNetP8" name="FNP8_SetDocClassId">
				<p type="bInter"/>
				<p type="bDebug"/>
				<p type="strParam" v="SupportingDocuments"/>
			</a>
			<a name="FNP8_SetFileType" ns="FileNetP8.dll" disabled="False">
				<p type="bInter" name="bInter"/>
				<p type="bDebug" name="bDebug"/>
				<p type="strParam" v="pdf" name="StrParam"/>
			</a>
			<a ns="FileNetP8" name="FNP8_SetPropertyEx">
				<p type="bInter"/>
				<p type="bDebug"/>
				<p type="strParam" v="TenderNo,@D.P\TENDERNO"/>
			</a>
			<a ns="FileNetP8" name="FNP8_SetPropertyEx">
				<p type="bInter" name="bInter"/>
				<p type="bDebug" name="bDebug"/>
				<p type="strParam" v="Date,@D.P\DATE,DateTime" name="StrParam"/>
			</a>
			<a ns="FileNetP8" name="FNP8_SetPropertyEx">
				<p type="bInter"/>
				<p type="bDebug"/>
				<p type="strParam" v="HODepartmentCode,@D.P\HODPTCODE"/>
			</a>
			<a ns="FileNetP8" name="FNP8_SetPropertyEx" qi="">
				<p type="bInter"/>
				<p type="bDebug"/>
				<p type="strParam" v="DocumentType,@D.P\DOCTYPE"/>
			</a>
			<a ns="FileNetP8" name="FNP8_SetPropertyEx">
				<p type="bInter"/>
				<p type="bDebug"/>
				<p type="strParam" v="Remarks,@B.D.P\REMARK"/>
			</a>
			<a ns="FileNetP8" name="FNP8_SetPropertyEx" qi="">
				<p type="bInter" name="bInter"/>
				<p type="bDebug" name="bDebug"/>
				<p type="strParam" v="FileName,@B.FNAME" name="StrParam"/>
			</a>
			<a ns="FileNetP8" name="FNP8_SetPropertyEx">
				<p type="bInter" name="bInter"/>
				<p type="bDebug" name="bDebug"/>
				<p type="strParam" v="Dept_Name,@B.DeptCode" name="StrParam"/>
			</a>
			<a ns="FileNetP8" name="FNP8_SetPropertyEx">
				<p type="bInter" name="bInter"/>
				<p type="bDebug" name="bDebug"/>
				<p type="strParam" v="Dept_Code,@B.DeptName" name="StrParam"/>
			</a>
			<a ns="FileNetP8" name="FNP8_SetPropertyEx">
				<p type="bInter" name="bInter"/>
				<p type="bDebug" name="bDebug"/>
				<p type="strParam" v="Zone_Name,@B.ZoneName" name="StrParam"/>
			</a>
			<a ns="FileNetP8" name="FNP8_SetPropertyEx">
				<p type="bInter" name="bInter"/>
				<p type="bDebug" name="bDebug"/>
				<p type="strParam" v="Zone_Code,@B.ZoneCode" name="StrParam"/>
			</a>
			<a ns="FileNetP8" name="FNP8_SetPropertyEx" qi="">
				<p type="bInter" name="bInter"/>
				<p type="bDebug" name="bDebug"/>
				<p type="strParam" v="BranchName,@B.BranchName" name="StrParam"/>
			</a>
			<a ns="FileNetP8" name="FNP8_SetPropertyEx">
				<p type="bInter" name="bInter"/>
				<p type="bDebug" name="bDebug"/>
				<p type="strParam" v="BranchCode,@B.BranchCode" name="StrParam"/>
			</a>
			<a ns="FileNetP8" name="FNP8_SetPropertyEx">
				<p type="bInter" name="bInter"/>
				<p type="bDebug" name="bDebug"/>
				<p type="strParam" v="Creator,@B.ScanOperator" name="StrParam"/>
			</a>
			<a ns="FileNetP8" name="FNP8_SetPropertyEx">
				<p type="bInter" name="bInter"/>
				<p type="bDebug" name="bDebug"/>
				<p type="strParam" v="Owner,@B.ScanOperator" name="StrParam"/>
			</a>
			<a ns="FileNetP8" name="FNP8_SetPropertyEx" qi="">
				<p type="bInter" name="bInter"/>
				<p type="bDebug" name="bDebug"/>
				<p type="strParam" v="LastModifier,@B.ScanOperator" name="StrParam"/>
			</a>
			<a name="FNP8_Upload" ns="FileNetP8.dll" disabled="false" qi="">
				<p type="bInter" name="bInter"/>
				<p type="bDebug" name="bDebug"/>
			</a>
		</func>
	</rule>
</ruleset>